{
  "name": "github-stats-updater",
  "version": "1.0.0",
  "lockfileVersion": 3,
  "requires": true,
  "packages": {
    "": {
      "name": "github-stats-updater",
      "version": "1.0.0",
      "dependencies": {
        "@octokit/rest": "^20.0.2"
      }
    }
  },
  "dependencies": {
    "@octokit/rest": {
      "version": "20.0.2",
      "resolved": "https://registry.npmjs.org/@octokit/rest/-/rest-20.0.2.tgz",
      "integrity": "sha512-9E6CRFDWr9S2P8E6Y5yKly0N2F+OZ8iyBZ60Jg7Qr5yL6L9dA1L/REBQ6gX0V7M9rQ5L8J7J5+8X5X9J5X5Z5Q=="
    }
  }
}
